
Microsoft Visual Studio Solution File, Format Version 12.00
# Visual Studio 15
VisualStudioVersion = 15.0.28307.757
MinimumVisualStudioVersion = 10.0.40219.1
Project("{FAE04EC0-301F-11D3-BF4B-00C04F79EFBC}") = "BoatRental", "BoatRental\BoatRental.csproj", "{2F0DA67D-61FE-438A-960A-0F8390BC0D14}"
EndProject
Project("{FAE04EC0-301F-11D3-BF4B-00C04F79EFBC}") = "Bingo", "Bingo\Bingo.csproj", "{1F8B5BEF-6DE2-4CD5-95AA-11EA42E55DCA}"
EndProject
Project("{FAE04EC0-301F-11D3-BF4B-00C04F79EFBC}") = "Rain", "Rain\Rain.csproj", "{B987524B-2923-4F44-B5FA-1B1AEBECE03C}"
EndProject
Global
	GlobalSection(SolutionConfigurationPlatforms) = preSolution
		Debug|Any CPU = Debug|Any CPU
		Release|Any CPU = Release|Any CPU
	EndGlobalSection
	GlobalSection(ProjectConfigurationPlatforms) = postSolution
		{2F0DA67D-61FE-438A-960A-0F8390BC0D14}.Debug|Any CPU.ActiveCfg = Debug|Any CPU
		{2F0DA67D-61FE-438A-960A-0F8390BC0D14}.Debug|Any CPU.Build.0 = Debug|Any CPU
		{2F0DA67D-61FE-438A-960A-0F8390BC0D14}.Release|Any CPU.ActiveCfg = Release|Any CPU
		{2F0DA67D-61FE-438A-960A-0F8390BC0D14}.Release|Any CPU.Build.0 = Release|Any CPU
		{1F8B5BEF-6DE2-4CD5-95AA-11EA42E55DCA}.Debug|Any CPU.ActiveCfg = Debug|Any CPU
		{1F8B5BEF-6DE2-4CD5-95AA-11EA42E55DCA}.Debug|Any CPU.Build.0 = Debug|Any CPU
		{1F8B5BEF-6DE2-4CD5-95AA-11EA42E55DCA}.Release|Any CPU.ActiveCfg = Release|Any CPU
		{1F8B5BEF-6DE2-4CD5-95AA-11EA42E55DCA}.Release|Any CPU.Build.0 = Release|Any CPU
		{B987524B-2923-4F44-B5FA-1B1AEBECE03C}.Debug|Any CPU.ActiveCfg = Debug|Any CPU
		{B987524B-2923-4F44-B5FA-1B1AEBECE03C}.Debug|Any CPU.Build.0 = Debug|Any CPU
		{B987524B-2923-4F44-B5FA-1B1AEBECE03C}.Release|Any CPU.ActiveCfg = Release|Any CPU
		{B987524B-2923-4F44-B5FA-1B1AEBECE03C}.Release|Any CPU.Build.0 = Release|Any CPU
	EndGlobalSection
	GlobalSection(SolutionProperties) = preSolution
		HideSolutionNode = FALSE
	EndGlobalSection
	GlobalSection(ExtensibilityGlobals) = postSolution
		SolutionGuid = {D7F8BAAD-FED0-403D-9195-13FB45C525C2}
	EndGlobalSection
EndGlobal
